
Microsoft Visual Studio Solution File, Format Version 12.00
# Visual Studio Version 17
VisualStudioVersion = 17.9.34607.119
MinimumVisualStudioVersion = 10.0.40219.1
Project("{FAE04EC0-301F-11D3-BF4B-00C04F79EFBC}") = "Challenge", "Challenge\Challenge.csproj", "{DF163476-C688-4941-9AC0-CCF31878B5E2}"
EndProject
Global
	GlobalSection(SolutionConfigurationPlatforms) = preSolution
		Debug|Any CPU = Debug|Any CPU
		Release|Any CPU = Release|Any CPU
	EndGlobalSection
	GlobalSection(ProjectConfigurationPlatforms) = postSolution
		{DF163476-C688-4941-9AC0-CCF31878B5E2}.Debug|Any CPU.ActiveCfg = Debug|Any CPU
		{DF163476-C688-4941-9AC0-CCF31878B5E2}.Debug|Any CPU.Build.0 = Debug|Any CPU
		{DF163476-C688-4941-9AC0-CCF31878B5E2}.Release|Any CPU.ActiveCfg = Release|Any CPU
		{DF163476-C688-4941-9AC0-CCF31878B5E2}.Release|Any CPU.Build.0 = Release|Any CPU
	EndGlobalSection
	GlobalSection(SolutionProperties) = preSolution
		HideSolutionNode = FALSE
	EndGlobalSection
	GlobalSection(ExtensibilityGlobals) = postSolution
		SolutionGuid = {3CD3F73A-79E2-4702-88E5-784701925E21}
	EndGlobalSection
EndGlobal
