
Microsoft Visual Studio Solution File, Format Version 12.00
# Visual Studio Version 17
VisualStudioVersion = 17.9.34607.119
MinimumVisualStudioVersion = 10.0.40219.1
Project("{FAE04EC0-301F-11D3-BF4B-00C04F79EFBC}") = "Course", "Course\Course.csproj", "{DDB68CCA-D2AC-4F31-BFE1-A58B7EF95BFE}"
EndProject
Global
	GlobalSection(SolutionConfigurationPlatforms) = preSolution
		Debug|Any CPU = Debug|Any CPU
		Release|Any CPU = Release|Any CPU
	EndGlobalSection
	GlobalSection(ProjectConfigurationPlatforms) = postSolution
		{DDB68CCA-D2AC-4F31-BFE1-A58B7EF95BFE}.Debug|Any CPU.ActiveCfg = Debug|Any CPU
		{DDB68CCA-D2AC-4F31-BFE1-A58B7EF95BFE}.Debug|Any CPU.Build.0 = Debug|Any CPU
		{DDB68CCA-D2AC-4F31-BFE1-A58B7EF95BFE}.Release|Any CPU.ActiveCfg = Release|Any CPU
		{DDB68CCA-D2AC-4F31-BFE1-A58B7EF95BFE}.Release|Any CPU.Build.0 = Release|Any CPU
	EndGlobalSection
	GlobalSection(SolutionProperties) = preSolution
		HideSolutionNode = FALSE
	EndGlobalSection
	GlobalSection(ExtensibilityGlobals) = postSolution
		SolutionGuid = {E0CF3A0D-9D02-4E44-B412-1FEC270855C9}
	EndGlobalSection
EndGlobal
